
Microsoft Visual Studio Solution File, Format Version 12.00
# Visual Studio Version 16
VisualStudioVersion = 16.0.31729.503
MinimumVisualStudioVersion = 10.0.40219.1
Project("{FAE04EC0-301F-11D3-BF4B-00C04F79EFBC}") = "wpfsakk", "wpfsakk\wpfsakk.csproj", "{78D84B0D-3AF5-47F8-84E1-F29BA3BDA5C0}"
EndProject
Global
	GlobalSection(SolutionConfigurationPlatforms) = preSolution
		Debug|Any CPU = Debug|Any CPU
		Release|Any CPU = Release|Any CPU
	EndGlobalSection
	GlobalSection(ProjectConfigurationPlatforms) = postSolution
		{78D84B0D-3AF5-47F8-84E1-F29BA3BDA5C0}.Debug|Any CPU.ActiveCfg = Debug|Any CPU
		{78D84B0D-3AF5-47F8-84E1-F29BA3BDA5C0}.Debug|Any CPU.Build.0 = Debug|Any CPU
		{78D84B0D-3AF5-47F8-84E1-F29BA3BDA5C0}.Release|Any CPU.ActiveCfg = Release|Any CPU
		{78D84B0D-3AF5-47F8-84E1-F29BA3BDA5C0}.Release|Any CPU.Build.0 = Release|Any CPU
	EndGlobalSection
	GlobalSection(SolutionProperties) = preSolution
		HideSolutionNode = FALSE
	EndGlobalSection
	GlobalSection(ExtensibilityGlobals) = postSolution
		SolutionGuid = {F172822B-B3B0-4110-9722-4B444508C046}
	EndGlobalSection
EndGlobal
